
Microsoft Visual Studio Solution File, Format Version 12.00
# Visual Studio Version 17
VisualStudioVersion = 17.0.31903.59
MinimumVisualStudioVersion = 10.0.40219.1
Project("{2150E333-8FDC-42A3-9474-1A3956D46DE8}") = "_PJSE", "_PJSE", "{BC0A1362-188C-CE9D-56C9-7DB4B22D5E34}"
EndProject
Project("{2150E333-8FDC-42A3-9474-1A3956D46DE8}") = "pjBodyMeshTool", "pjBodyMeshTool", "{2F74C2ED-C4D2-8592-FA00-EF8DD0A31FC7}"
EndProject
Project("{2150E333-8FDC-42A3-9474-1A3956D46DE8}") = "pjHoodTool", "pjHoodTool", "{10125FBF-B1E3-5508-0453-8B8438ECBFC8}"
EndProject
Project("{2150E333-8FDC-42A3-9474-1A3956D46DE8}") = "pjOBJDTool", "pjOBJDTool", "{D62B361B-9A07-9E9B-CDCD-03B1A3706AD8}"
EndProject
Project("{2150E333-8FDC-42A3-9474-1A3956D46DE8}") = "pjObjKeyTool", "pjObjKeyTool", "{B481F596-DE6E-A611-CA7E-608C3046060D}"
EndProject
Project("{2150E333-8FDC-42A3-9474-1A3956D46DE8}") = "pjse Coder", "pjse Coder", "{521B4DE7-DE7A-7B64-F649-23517AB5EB08}"
EndProject
Project("{2150E333-8FDC-42A3-9474-1A3956D46DE8}") = "__NonCore", "__NonCore", "{E1892030-79A1-302F-2131-4E7F86D8A2D3}"
EndProject
Project("{2150E333-8FDC-42A3-9474-1A3956D46DE8}") = "WOSimPe - Recolor", "WOSimPe - Recolor", "{0F0D1990-397C-399D-0664-FC5EB1CCA61E}"
EndProject
Project("{2150E333-8FDC-42A3-9474-1A3956D46DE8}") = "__Solutions", "__Solutions", "{6DDF0308-AD41-8A62-E1C1-A25BD1B34DA2}"
EndProject
Project("{FAE04EC0-301F-11D3-BF4B-00C04F79EFBC}") = "Plugin Career Editor", "Bidou Career Editor\Plugin Career Editor.csproj", "{25A8BF3E-41CF-429D-BCD3-9D8CA44D3448}"
EndProject
Project("{FAE04EC0-301F-11D3-BF4B-00C04F79EFBC}") = "ColorBinningTool", "ColorBinningTool\ColorBinningTool.csproj", "{EC1BB54C-0085-4E60-B30F-432C3749A36C}"
EndProject
Project("{FAE04EC0-301F-11D3-BF4B-00C04F79EFBC}") = "SimPe 3IDR", "SimPe 3IDR\SimPe 3IDR.csproj", "{37D97490-DC9F-4DB7-9215-998C6BC06078}"
EndProject
Project("{FAE04EC0-301F-11D3-BF4B-00C04F79EFBC}") = "Plugin BHAV", "SimPe BHAV\Plugin BHAV.csproj", "{6AA664E9-B45F-4D61-9B9F-E68341C16473}"
EndProject
Project("{FAE04EC0-301F-11D3-BF4B-00C04F79EFBC}") = "SimPe Cache", "SimPe Cache\SimPe Cache.csproj", "{C949FB46-0C06-4C5D-92AE-5DD7F6E53364}"
EndProject
Project("{FAE04EC0-301F-11D3-BF4B-00C04F79EFBC}") = "SimPe Clst", "SimPe Clst\SimPe Clst.csproj", "{5DD89FD7-1E89-49D4-B48D-CC605D767C3B}"
EndProject
Project("{FAE04EC0-301F-11D3-BF4B-00C04F79EFBC}") = "SimPe Commandline", "SimPe Commandline\SimPe Commandline.csproj", "{0D63B13E-F41B-456C-92D0-C0BB3FE8744F}"
EndProject
Project("{FAE04EC0-301F-11D3-BF4B-00C04F79EFBC}") = "SimPe Copyright Plugin", "SimPe Copyright Plugin\SimPe Copyright Plugin.csproj", "{06D06A6A-C49E-44B8-8EE4-C0F107D3A50D}"
EndProject
Project("{FAE04EC0-301F-11D3-BF4B-00C04F79EFBC}") = "Plugin Dockbox", "SimPe Dockbox\Plugin Dockbox.csproj", "{5C259432-EF3E-4BAA-BB2F-28E1459FD0D9}"
EndProject
Project("{FAE04EC0-301F-11D3-BF4B-00C04F79EFBC}") = "Plugin Downloads", "SimPe Downloads\Plugin Downloads.csproj", "{E76F963C-9EA2-430C-B3C9-0DA06B49EA3B}"
EndProject
Project("{FAE04EC0-301F-11D3-BF4B-00C04F79EFBC}") = "SimPe famhPlugin", "SimPe FAMH\SimPe famhPlugin.csproj", "{702B7D49-8E7C-474E-A83A-4089F51D78BE}"
EndProject
Project("{FAE04EC0-301F-11D3-BF4B-00C04F79EFBC}") = "SimPe FileHandlers", "SimPe FileHandler\SimPe FileHandlers.csproj", "{97551C0A-6295-4E32-8E15-A4FF456E65A6}"
EndProject
Project("{FAE04EC0-301F-11D3-BF4B-00C04F79EFBC}") = "simpeGameTipplugin", "SimPe GameTipPlugin\simpeGameTipplugin.csproj", "{E86E8EF6-EF83-4CD4-B2A7-20A08CD835A0}"
EndProject
Project("{FAE04EC0-301F-11D3-BF4B-00C04F79EFBC}") = "SimPe Geometry", "SimPe Geometry\SimPe Geometry.csproj", "{60367A6D-8FF1-4289-B546-C68A2C395843}"
EndProject
Project("{FAE04EC0-301F-11D3-BF4B-00C04F79EFBC}") = "Plugin GMDC Exporter", "SimPe GMDC Exporter\Plugin GMDC Exporter.csproj", "{F7DD4A1A-8C32-4247-9AE9-AE4372455A24}"
EndProject
Project("{FAE04EC0-301F-11D3-BF4B-00C04F79EFBC}") = "SimPe GMDC Exporter Base", "SimPe GMDC Exporter Base\SimPe GMDC Exporter Base.csproj", "{76D6A8B3-10DF-4948-9028-C63A416AB00E}"
EndProject
Project("{FAE04EC0-301F-11D3-BF4B-00C04F79EFBC}") = "SimPe Helper", "SimPe Helper\SimPe Helper.csproj", "{59E3C353-1350-42D8-A045-CBBAD232F228}"
EndProject
Project("{FAE04EC0-301F-11D3-BF4B-00C04F79EFBC}") = "SimPe HGBH", "SimPe HGBH\SimPe HGBH.csproj", "{2A67C9C3-9577-4922-991F-291EAA6B4F2D}"
EndProject
Project("{FAE04EC0-301F-11D3-BF4B-00C04F79EFBC}") = "SimPe Interfaces", "SimPe Interfaces\SimPe Interfaces.csproj", "{74FCBBEC-105A-4006-A1FC-8EF4F80FD2D7}"
EndProject
Project("{FAE04EC0-301F-11D3-BF4B-00C04F79EFBC}") = "language Extractor", "SimPe LangExtracter\language Extractor.csproj", "{3D13FA23-1B13-4FA8-8654-D5E7C1BAD823}"
EndProject
Project("{FAE04EC0-301F-11D3-BF4B-00C04F79EFBC}") = "SimPe Main", "SimPe Main\SimPe Main.csproj", "{7368AF5F-2C82-4750-A31F-63AA4432758C}"
EndProject
Project("{FAE04EC0-301F-11D3-BF4B-00C04F79EFBC}") = "simpeMoreplugin", "SimPe More Plugins\simpeMoreplugin.csproj", "{2AE83F37-E52A-4ADC-82E9-243465953FFD}"
EndProject
Project("{FAE04EC0-301F-11D3-BF4B-00C04F79EFBC}") = "SimPe Name Provider", "SimPe Name Provider\SimPe Name Provider.csproj", "{38259F2B-9C90-48BE-A519-E4EEC62C242C}"
EndProject
Project("{FAE04EC0-301F-11D3-BF4B-00C04F79EFBC}") = "Plugin NGBH Scanner", "SimPe NGBH Scanner\Plugin NGBH Scanner.csproj", "{DE27E48A-F5C1-4AE4-A50D-FFA0FFF4CFFD}"
EndProject
Project("{FAE04EC0-301F-11D3-BF4B-00C04F79EFBC}") = "SimPe Packages", "SimPe Packages\SimPe Packages.csproj", "{1C6C45BF-FE19-4C23-B327-01F45B0F269C}"
EndProject
Project("{FAE04EC0-301F-11D3-BF4B-00C04F79EFBC}") = "SimPe RCOL", "SimPe RCOL\SimPe RCOL.csproj", "{74517907-2236-4C45-80ED-E188D5E5CE0E}"
EndProject
Project("{FAE04EC0-301F-11D3-BF4B-00C04F79EFBC}") = "SimPe ResourceControls", "SimPe ResourceControls\SimPe ResourceControls.csproj", "{E4703C3D-A7CA-4E63-90A6-C6E58C121F1D}"
EndProject
Project("{FAE04EC0-301F-11D3-BF4B-00C04F79EFBC}") = "SimPe Scenegraph", "SimPe Scenegraph\SimPe Scenegraph.csproj", "{1151A88B-47AF-41DA-BCDF-DEFED0CC326E}"
EndProject
Project("{FAE04EC0-301F-11D3-BF4B-00C04F79EFBC}") = "SimPe Sims", "SimPe Sims\SimPe Sims.csproj", "{9877B092-C8C0-4B84-B5A0-F9A68AA1C0E4}"
EndProject
Project("{FAE04EC0-301F-11D3-BF4B-00C04F79EFBC}") = "SimPe Splash", "SimPe Splash\SimPe Splash.csproj", "{6F0D2F45-62FD-4BF5-95C0-46D66C981034}"
EndProject
Project("{FAE04EC0-301F-11D3-BF4B-00C04F79EFBC}") = "SimPe Toolbox", "SimPe Toolbox\SimPe Toolbox.csproj", "{4B573801-C012-4C34-88A8-3D4CE694C905}"
EndProject
Project("{FAE04EC0-301F-11D3-BF4B-00C04F79EFBC}") = "SimPE Toolbox Scanner", "SimPE Toolbox Scanner\SimPE Toolbox Scanner.csproj", "{2EA51E60-64FA-4822-AE2A-A996BA79AA76}"
EndProject
Project("{FAE04EC0-301F-11D3-BF4B-00C04F79EFBC}") = "Plugin Toolbox Scenegraph", "SimPe Toolbox Scenegraph\Plugin Toolbox Scenegraph.csproj", "{4A0695E9-8C32-4F70-B7C7-B7F2EF7E38B6}"
EndProject
Project("{FAE04EC0-301F-11D3-BF4B-00C04F79EFBC}") = "SimPe Toolbox Workshops", "SimPe Toolbox Workshops\SimPe Toolbox Workshops.csproj", "{8886DFAA-51F0-4E64-A754-EF4FCB9CCA4B}"
EndProject
Project("{FAE04EC0-301F-11D3-BF4B-00C04F79EFBC}") = "SimPe Wants", "SimPe Wants\SimPe Wants.csproj", "{283AB63B-00B1-4479-8D1D-E2CEC07C4B64}"
EndProject
Project("{FAE04EC0-301F-11D3-BF4B-00C04F79EFBC}") = "SimPe Wizardbase", "SimPe Wizardbase\SimPe Wizardbase.csproj", "{B552AF25-66F1-4DFE-8760-2D3053F57E7C}"
EndProject
Project("{FAE04EC0-301F-11D3-BF4B-00C04F79EFBC}") = "SimPe Workspace Helper", "SimPe Workspace Helper\SimPe Workspace Helper.csproj", "{45021667-BAD2-4ECA-8423-F4734F914CBB}"
EndProject
Project("{FAE04EC0-301F-11D3-BF4B-00C04F79EFBC}") = "Wizards of SimPe", "Wizards of SimPe\Wizards of SimPe.csproj", "{9C10B224-7ABC-46D1-9ADC-58A817D6AF59}"
EndProject
Project("{FAE04EC0-301F-11D3-BF4B-00C04F79EFBC}") = "WOSimPE - Interfaces", "WOSimPE - Interfaces\WOSimPE - Interfaces.csproj", "{833C3B98-5A2D-476B-8B4B-C9548C1C99B6}"
EndProject
Project("{FAE04EC0-301F-11D3-BF4B-00C04F79EFBC}") = "SimPe pjBodyMeshTool", "_PJSE\pjBodyMeshTool\SimPe pjBodyMeshTool.csproj", "{0E0A4A2C-1BAE-4659-9511-5C089FA4E154}"
EndProject
Project("{FAE04EC0-301F-11D3-BF4B-00C04F79EFBC}") = "SimPe pjHoodTool", "_PJSE\pjHoodTool\SimPe pjHoodTool.csproj", "{7BEDA101-8294-40CF-838C-40523DBBCDA7}"
EndProject
Project("{FAE04EC0-301F-11D3-BF4B-00C04F79EFBC}") = "SimPe pjOBJDTool", "_PJSE\pjOBJDTool\SimPe pjOBJDTool.csproj", "{62E5BE50-2A34-43D0-9ABA-EE3F751C1627}"
EndProject
Project("{FAE04EC0-301F-11D3-BF4B-00C04F79EFBC}") = "SimPe pjObjKeyTool", "_PJSE\pjObjKeyTool\SimPe pjObjKeyTool.csproj", "{DA114369-0A54-42A9-A3B0-F48FC5EA4F7D}"
EndProject
Project("{FAE04EC0-301F-11D3-BF4B-00C04F79EFBC}") = "SimPe pjse coder", "_PJSE\pjse Coder\SimPe pjse coder.csproj", "{4B6B73DA-1606-42F2-8774-72428062783A}"
EndProject
Project("{FAE04EC0-301F-11D3-BF4B-00C04F79EFBC}") = "WOSimPe - BSOK", "__NonCore\WOSimPe - BSOK\WOSimPe - BSOK.csproj", "{3BB56372-08F9-4BB4-A8DC-517F66B4BF1D}"
EndProject
Project("{FAE04EC0-301F-11D3-BF4B-00C04F79EFBC}") = "Plugin WOSimPe - Recolor", "__NonCore\WOSimPe - Recolor\Plugin WOSimPe - Recolor.csproj", "{05362C54-8D40-46C8-9401-7C40A6647DE6}"
EndProject
Project("{FAE04EC0-301F-11D3-BF4B-00C04F79EFBC}") = "WOSimPe - Wardrobecleaner", "__NonCore\WOSimPe - Wardrobecleaner\WOSimPe - Wardrobecleaner.csproj", "{55A67A5D-43E8-4290-B52F-230233B1439D}"
EndProject
Project("{FAE04EC0-301F-11D3-BF4B-00C04F79EFBC}") = "Build", "__Solutions\Build\Build.csproj", "{BA6E610A-3015-4536-99CD-D73892E9BD1E}"
EndProject
Project("{FAE04EC0-301F-11D3-BF4B-00C04F79EFBC}") = "GraphControl", "GraphControl\GraphControl.csproj", "{7D2EE6ED-78C1-4738-9AE1-E3C165A81E3D}"
EndProject
Project("{FAE04EC0-301F-11D3-BF4B-00C04F79EFBC}") = "Plugin3D", "SimPe3D\Plugin3D.csproj", "{44911ACC-87B8-4FED-865C-1950F703C3D1}"
EndProject
Global
	GlobalSection(SolutionConfigurationPlatforms) = preSolution
		Debug|Any CPU = Debug|Any CPU
		Debug|x64 = Debug|x64
		Debug|x86 = Debug|x86
		Release|Any CPU = Release|Any CPU
		Release|x64 = Release|x64
		Release|x86 = Release|x86
	EndGlobalSection
	GlobalSection(ProjectConfigurationPlatforms) = postSolution
		{25A8BF3E-41CF-429D-BCD3-9D8CA44D3448}.Debug|Any CPU.ActiveCfg = Debug|Any CPU
		{25A8BF3E-41CF-429D-BCD3-9D8CA44D3448}.Debug|Any CPU.Build.0 = Debug|Any CPU
		{25A8BF3E-41CF-429D-BCD3-9D8CA44D3448}.Debug|x64.ActiveCfg = Debug|Any CPU
		{25A8BF3E-41CF-429D-BCD3-9D8CA44D3448}.Debug|x64.Build.0 = Debug|Any CPU
		{25A8BF3E-41CF-429D-BCD3-9D8CA44D3448}.Debug|x86.ActiveCfg = Debug|x86
		{25A8BF3E-41CF-429D-BCD3-9D8CA44D3448}.Debug|x86.Build.0 = Debug|x86
		{25A8BF3E-41CF-429D-BCD3-9D8CA44D3448}.Release|Any CPU.ActiveCfg = Release|Any CPU
		{25A8BF3E-41CF-429D-BCD3-9D8CA44D3448}.Release|Any CPU.Build.0 = Release|Any CPU
		{25A8BF3E-41CF-429D-BCD3-9D8CA44D3448}.Release|x64.ActiveCfg = Release|Any CPU
		{25A8BF3E-41CF-429D-BCD3-9D8CA44D3448}.Release|x64.Build.0 = Release|Any CPU
		{25A8BF3E-41CF-429D-BCD3-9D8CA44D3448}.Release|x86.ActiveCfg = Release|Any CPU
		{25A8BF3E-41CF-429D-BCD3-9D8CA44D3448}.Release|x86.Build.0 = Release|Any CPU
		{EC1BB54C-0085-4E60-B30F-432C3749A36C}.Debug|Any CPU.ActiveCfg = Debug|Any CPU
		{EC1BB54C-0085-4E60-B30F-432C3749A36C}.Debug|Any CPU.Build.0 = Debug|Any CPU
		{EC1BB54C-0085-4E60-B30F-432C3749A36C}.Debug|x64.ActiveCfg = Debug|Any CPU
		{EC1BB54C-0085-4E60-B30F-432C3749A36C}.Debug|x64.Build.0 = Debug|Any CPU
		{EC1BB54C-0085-4E60-B30F-432C3749A36C}.Debug|x86.ActiveCfg = Debug|x86
		{EC1BB54C-0085-4E60-B30F-432C3749A36C}.Debug|x86.Build.0 = Debug|x86
		{EC1BB54C-0085-4E60-B30F-432C3749A36C}.Release|Any CPU.ActiveCfg = Release|Any CPU
		{EC1BB54C-0085-4E60-B30F-432C3749A36C}.Release|Any CPU.Build.0 = Release|Any CPU
		{EC1BB54C-0085-4E60-B30F-432C3749A36C}.Release|x64.ActiveCfg = Release|Any CPU
		{EC1BB54C-0085-4E60-B30F-432C3749A36C}.Release|x64.Build.0 = Release|Any CPU
		{EC1BB54C-0085-4E60-B30F-432C3749A36C}.Release|x86.ActiveCfg = Release|Any CPU
		{EC1BB54C-0085-4E60-B30F-432C3749A36C}.Release|x86.Build.0 = Release|Any CPU
		{37D97490-DC9F-4DB7-9215-998C6BC06078}.Debug|Any CPU.ActiveCfg = Debug|Any CPU
		{37D97490-DC9F-4DB7-9215-998C6BC06078}.Debug|Any CPU.Build.0 = Debug|Any CPU
		{37D97490-DC9F-4DB7-9215-998C6BC06078}.Debug|x64.ActiveCfg = Debug|Any CPU
		{37D97490-DC9F-4DB7-9215-998C6BC06078}.Debug|x64.Build.0 = Debug|Any CPU
		{37D97490-DC9F-4DB7-9215-998C6BC06078}.Debug|x86.ActiveCfg = Debug|x86
		{37D97490-DC9F-4DB7-9215-998C6BC06078}.Debug|x86.Build.0 = Debug|x86
		{37D97490-DC9F-4DB7-9215-998C6BC06078}.Release|Any CPU.ActiveCfg = Release|Any CPU
		{37D97490-DC9F-4DB7-9215-998C6BC06078}.Release|Any CPU.Build.0 = Release|Any CPU
		{37D97490-DC9F-4DB7-9215-998C6BC06078}.Release|x64.ActiveCfg = Release|Any CPU
		{37D97490-DC9F-4DB7-9215-998C6BC06078}.Release|x64.Build.0 = Release|Any CPU
		{37D97490-DC9F-4DB7-9215-998C6BC06078}.Release|x86.ActiveCfg = Release|Any CPU
		{37D97490-DC9F-4DB7-9215-998C6BC06078}.Release|x86.Build.0 = Release|Any CPU
		{6AA664E9-B45F-4D61-9B9F-E68341C16473}.Debug|Any CPU.ActiveCfg = Debug|Any CPU
		{6AA664E9-B45F-4D61-9B9F-E68341C16473}.Debug|Any CPU.Build.0 = Debug|Any CPU
		{6AA664E9-B45F-4D61-9B9F-E68341C16473}.Debug|x64.ActiveCfg = Debug|Any CPU
		{6AA664E9-B45F-4D61-9B9F-E68341C16473}.Debug|x64.Build.0 = Debug|Any CPU
		{6AA664E9-B45F-4D61-9B9F-E68341C16473}.Debug|x86.ActiveCfg = Debug|x86
		{6AA664E9-B45F-4D61-9B9F-E68341C16473}.Debug|x86.Build.0 = Debug|x86
		{6AA664E9-B45F-4D61-9B9F-E68341C16473}.Release|Any CPU.ActiveCfg = Release|Any CPU
		{6AA664E9-B45F-4D61-9B9F-E68341C16473}.Release|Any CPU.Build.0 = Release|Any CPU
		{6AA664E9-B45F-4D61-9B9F-E68341C16473}.Release|x64.ActiveCfg = Release|Any CPU
		{6AA664E9-B45F-4D61-9B9F-E68341C16473}.Release|x64.Build.0 = Release|Any CPU
		{6AA664E9-B45F-4D61-9B9F-E68341C16473}.Release|x86.ActiveCfg = Release|Any CPU
		{6AA664E9-B45F-4D61-9B9F-E68341C16473}.Release|x86.Build.0 = Release|Any CPU
		{C949FB46-0C06-4C5D-92AE-5DD7F6E53364}.Debug|Any CPU.ActiveCfg = Debug|Any CPU
		{C949FB46-0C06-4C5D-92AE-5DD7F6E53364}.Debug|Any CPU.Build.0 = Debug|Any CPU
		{C949FB46-0C06-4C5D-92AE-5DD7F6E53364}.Debug|x64.ActiveCfg = Debug|Any CPU
		{C949FB46-0C06-4C5D-92AE-5DD7F6E53364}.Debug|x64.Build.0 = Debug|Any CPU
		{C949FB46-0C06-4C5D-92AE-5DD7F6E53364}.Debug|x86.ActiveCfg = Debug|x86
		{C949FB46-0C06-4C5D-92AE-5DD7F6E53364}.Debug|x86.Build.0 = Debug|x86
		{C949FB46-0C06-4C5D-92AE-5DD7F6E53364}.Release|Any CPU.ActiveCfg = Release|Any CPU
		{C949FB46-0C06-4C5D-92AE-5DD7F6E53364}.Release|Any CPU.Build.0 = Release|Any CPU
		{C949FB46-0C06-4C5D-92AE-5DD7F6E53364}.Release|x64.ActiveCfg = Release|Any CPU
		{C949FB46-0C06-4C5D-92AE-5DD7F6E53364}.Release|x64.Build.0 = Release|Any CPU
		{C949FB46-0C06-4C5D-92AE-5DD7F6E53364}.Release|x86.ActiveCfg = Release|Any CPU
		{C949FB46-0C06-4C5D-92AE-5DD7F6E53364}.Release|x86.Build.0 = Release|Any CPU
		{5DD89FD7-1E89-49D4-B48D-CC605D767C3B}.Debug|Any CPU.ActiveCfg = Debug|Any CPU
		{5DD89FD7-1E89-49D4-B48D-CC605D767C3B}.Debug|Any CPU.Build.0 = Debug|Any CPU
		{5DD89FD7-1E89-49D4-B48D-CC605D767C3B}.Debug|x64.ActiveCfg = Debug|Any CPU
		{5DD89FD7-1E89-49D4-B48D-CC605D767C3B}.Debug|x64.Build.0 = Debug|Any CPU
		{5DD89FD7-1E89-49D4-B48D-CC605D767C3B}.Debug|x86.ActiveCfg = Debug|x86
		{5DD89FD7-1E89-49D4-B48D-CC605D767C3B}.Debug|x86.Build.0 = Debug|x86
		{5DD89FD7-1E89-49D4-B48D-CC605D767C3B}.Release|Any CPU.ActiveCfg = Release|Any CPU
		{5DD89FD7-1E89-49D4-B48D-CC605D767C3B}.Release|Any CPU.Build.0 = Release|Any CPU
		{5DD89FD7-1E89-49D4-B48D-CC605D767C3B}.Release|x64.ActiveCfg = Release|Any CPU
		{5DD89FD7-1E89-49D4-B48D-CC605D767C3B}.Release|x64.Build.0 = Release|Any CPU
		{5DD89FD7-1E89-49D4-B48D-CC605D767C3B}.Release|x86.ActiveCfg = Release|Any CPU
		{5DD89FD7-1E89-49D4-B48D-CC605D767C3B}.Release|x86.Build.0 = Release|Any CPU
		{0D63B13E-F41B-456C-92D0-C0BB3FE8744F}.Debug|Any CPU.ActiveCfg = Debug|Any CPU
		{0D63B13E-F41B-456C-92D0-C0BB3FE8744F}.Debug|Any CPU.Build.0 = Debug|Any CPU
		{0D63B13E-F41B-456C-92D0-C0BB3FE8744F}.Debug|x64.ActiveCfg = Debug|Any CPU
		{0D63B13E-F41B-456C-92D0-C0BB3FE8744F}.Debug|x64.Build.0 = Debug|Any CPU
		{0D63B13E-F41B-456C-92D0-C0BB3FE8744F}.Debug|x86.ActiveCfg = Debug|x86
		{0D63B13E-F41B-456C-92D0-C0BB3FE8744F}.Debug|x86.Build.0 = Debug|x86
		{0D63B13E-F41B-456C-92D0-C0BB3FE8744F}.Release|Any CPU.ActiveCfg = Release|Any CPU
		{0D63B13E-F41B-456C-92D0-C0BB3FE8744F}.Release|Any CPU.Build.0 = Release|Any CPU
		{0D63B13E-F41B-456C-92D0-C0BB3FE8744F}.Release|x64.ActiveCfg = Release|Any CPU
		{0D63B13E-F41B-456C-92D0-C0BB3FE8744F}.Release|x64.Build.0 = Release|Any CPU
		{0D63B13E-F41B-456C-92D0-C0BB3FE8744F}.Release|x86.ActiveCfg = Release|Any CPU
		{0D63B13E-F41B-456C-92D0-C0BB3FE8744F}.Release|x86.Build.0 = Release|Any CPU
		{06D06A6A-C49E-44B8-8EE4-C0F107D3A50D}.Debug|Any CPU.ActiveCfg = Debug|Any CPU
		{06D06A6A-C49E-44B8-8EE4-C0F107D3A50D}.Debug|Any CPU.Build.0 = Debug|Any CPU
		{06D06A6A-C49E-44B8-8EE4-C0F107D3A50D}.Debug|x64.ActiveCfg = Debug|Any CPU
		{06D06A6A-C49E-44B8-8EE4-C0F107D3A50D}.Debug|x64.Build.0 = Debug|Any CPU
		{06D06A6A-C49E-44B8-8EE4-C0F107D3A50D}.Debug|x86.ActiveCfg = Debug|x86
		{06D06A6A-C49E-44B8-8EE4-C0F107D3A50D}.Debug|x86.Build.0 = Debug|x86
		{06D06A6A-C49E-44B8-8EE4-C0F107D3A50D}.Release|Any CPU.ActiveCfg = Release|Any CPU
		{06D06A6A-C49E-44B8-8EE4-C0F107D3A50D}.Release|Any CPU.Build.0 = Release|Any CPU
		{06D06A6A-C49E-44B8-8EE4-C0F107D3A50D}.Release|x64.ActiveCfg = Release|Any CPU
		{06D06A6A-C49E-44B8-8EE4-C0F107D3A50D}.Release|x64.Build.0 = Release|Any CPU
		{06D06A6A-C49E-44B8-8EE4-C0F107D3A50D}.Release|x86.ActiveCfg = Release|Any CPU
		{06D06A6A-C49E-44B8-8EE4-C0F107D3A50D}.Release|x86.Build.0 = Release|Any CPU
		{5C259432-EF3E-4BAA-BB2F-28E1459FD0D9}.Debug|Any CPU.ActiveCfg = Debug|Any CPU
		{5C259432-EF3E-4BAA-BB2F-28E1459FD0D9}.Debug|Any CPU.Build.0 = Debug|Any CPU
		{5C259432-EF3E-4BAA-BB2F-28E1459FD0D9}.Debug|x64.ActiveCfg = Debug|Any CPU
		{5C259432-EF3E-4BAA-BB2F-28E1459FD0D9}.Debug|x64.Build.0 = Debug|Any CPU
		{5C259432-EF3E-4BAA-BB2F-28E1459FD0D9}.Debug|x86.ActiveCfg = Debug|x86
		{5C259432-EF3E-4BAA-BB2F-28E1459FD0D9}.Debug|x86.Build.0 = Debug|x86
		{5C259432-EF3E-4BAA-BB2F-28E1459FD0D9}.Release|Any CPU.ActiveCfg = Release|Any CPU
		{5C259432-EF3E-4BAA-BB2F-28E1459FD0D9}.Release|Any CPU.Build.0 = Release|Any CPU
		{5C259432-EF3E-4BAA-BB2F-28E1459FD0D9}.Release|x64.ActiveCfg = Release|Any CPU
		{5C259432-EF3E-4BAA-BB2F-28E1459FD0D9}.Release|x64.Build.0 = Release|Any CPU
		{5C259432-EF3E-4BAA-BB2F-28E1459FD0D9}.Release|x86.ActiveCfg = Release|Any CPU
		{5C259432-EF3E-4BAA-BB2F-28E1459FD0D9}.Release|x86.Build.0 = Release|Any CPU
		{E76F963C-9EA2-430C-B3C9-0DA06B49EA3B}.Debug|Any CPU.ActiveCfg = Debug|Any CPU
		{E76F963C-9EA2-430C-B3C9-0DA06B49EA3B}.Debug|Any CPU.Build.0 = Debug|Any CPU
		{E76F963C-9EA2-430C-B3C9-0DA06B49EA3B}.Debug|x64.ActiveCfg = Debug|Any CPU
		{E76F963C-9EA2-430C-B3C9-0DA06B49EA3B}.Debug|x64.Build.0 = Debug|Any CPU
		{E76F963C-9EA2-430C-B3C9-0DA06B49EA3B}.Debug|x86.ActiveCfg = Debug|x86
		{E76F963C-9EA2-430C-B3C9-0DA06B49EA3B}.Debug|x86.Build.0 = Debug|x86
		{E76F963C-9EA2-430C-B3C9-0DA06B49EA3B}.Release|Any CPU.ActiveCfg = Release|Any CPU
		{E76F963C-9EA2-430C-B3C9-0DA06B49EA3B}.Release|Any CPU.Build.0 = Release|Any CPU
		{E76F963C-9EA2-430C-B3C9-0DA06B49EA3B}.Release|x64.ActiveCfg = Release|Any CPU
		{E76F963C-9EA2-430C-B3C9-0DA06B49EA3B}.Release|x64.Build.0 = Release|Any CPU
		{E76F963C-9EA2-430C-B3C9-0DA06B49EA3B}.Release|x86.ActiveCfg = Release|Any CPU
		{E76F963C-9EA2-430C-B3C9-0DA06B49EA3B}.Release|x86.Build.0 = Release|Any CPU
		{702B7D49-8E7C-474E-A83A-4089F51D78BE}.Debug|Any CPU.ActiveCfg = Debug|Any CPU
		{702B7D49-8E7C-474E-A83A-4089F51D78BE}.Debug|Any CPU.Build.0 = Debug|Any CPU
		{702B7D49-8E7C-474E-A83A-4089F51D78BE}.Debug|x64.ActiveCfg = Debug|Any CPU
		{702B7D49-8E7C-474E-A83A-4089F51D78BE}.Debug|x64.Build.0 = Debug|Any CPU
		{702B7D49-8E7C-474E-A83A-4089F51D78BE}.Debug|x86.ActiveCfg = Debug|x86
		{702B7D49-8E7C-474E-A83A-4089F51D78BE}.Debug|x86.Build.0 = Debug|x86
		{702B7D49-8E7C-474E-A83A-4089F51D78BE}.Release|Any CPU.ActiveCfg = Release|Any CPU
		{702B7D49-8E7C-474E-A83A-4089F51D78BE}.Release|Any CPU.Build.0 = Release|Any CPU
		{702B7D49-8E7C-474E-A83A-4089F51D78BE}.Release|x64.ActiveCfg = Release|Any CPU
		{702B7D49-8E7C-474E-A83A-4089F51D78BE}.Release|x64.Build.0 = Release|Any CPU
		{702B7D49-8E7C-474E-A83A-4089F51D78BE}.Release|x86.ActiveCfg = Release|Any CPU
		{702B7D49-8E7C-474E-A83A-4089F51D78BE}.Release|x86.Build.0 = Release|Any CPU
		{97551C0A-6295-4E32-8E15-A4FF456E65A6}.Debug|Any CPU.ActiveCfg = Debug|Any CPU
		{97551C0A-6295-4E32-8E15-A4FF456E65A6}.Debug|Any CPU.Build.0 = Debug|Any CPU
		{97551C0A-6295-4E32-8E15-A4FF456E65A6}.Debug|x64.ActiveCfg = Debug|Any CPU
		{97551C0A-6295-4E32-8E15-A4FF456E65A6}.Debug|x64.Build.0 = Debug|Any CPU
		{97551C0A-6295-4E32-8E15-A4FF456E65A6}.Debug|x86.ActiveCfg = Debug|x86
		{97551C0A-6295-4E32-8E15-A4FF456E65A6}.Debug|x86.Build.0 = Debug|x86
		{97551C0A-6295-4E32-8E15-A4FF456E65A6}.Release|Any CPU.ActiveCfg = Release|Any CPU
		{97551C0A-6295-4E32-8E15-A4FF456E65A6}.Release|Any CPU.Build.0 = Release|Any CPU
		{97551C0A-6295-4E32-8E15-A4FF456E65A6}.Release|x64.ActiveCfg = Release|Any CPU
		{97551C0A-6295-4E32-8E15-A4FF456E65A6}.Release|x64.Build.0 = Release|Any CPU
		{97551C0A-6295-4E32-8E15-A4FF456E65A6}.Release|x86.ActiveCfg = Release|Any CPU
		{97551C0A-6295-4E32-8E15-A4FF456E65A6}.Release|x86.Build.0 = Release|Any CPU
		{E86E8EF6-EF83-4CD4-B2A7-20A08CD835A0}.Debug|Any CPU.ActiveCfg = Debug|Any CPU
		{E86E8EF6-EF83-4CD4-B2A7-20A08CD835A0}.Debug|Any CPU.Build.0 = Debug|Any CPU
		{E86E8EF6-EF83-4CD4-B2A7-20A08CD835A0}.Debug|x64.ActiveCfg = Debug|Any CPU
		{E86E8EF6-EF83-4CD4-B2A7-20A08CD835A0}.Debug|x64.Build.0 = Debug|Any CPU
		{E86E8EF6-EF83-4CD4-B2A7-20A08CD835A0}.Debug|x86.ActiveCfg = Debug|x86
		{E86E8EF6-EF83-4CD4-B2A7-20A08CD835A0}.Debug|x86.Build.0 = Debug|x86
		{E86E8EF6-EF83-4CD4-B2A7-20A08CD835A0}.Release|Any CPU.ActiveCfg = Release|Any CPU
		{E86E8EF6-EF83-4CD4-B2A7-20A08CD835A0}.Release|Any CPU.Build.0 = Release|Any CPU
		{E86E8EF6-EF83-4CD4-B2A7-20A08CD835A0}.Release|x64.ActiveCfg = Release|Any CPU
		{E86E8EF6-EF83-4CD4-B2A7-20A08CD835A0}.Release|x64.Build.0 = Release|Any CPU
		{E86E8EF6-EF83-4CD4-B2A7-20A08CD835A0}.Release|x86.ActiveCfg = Release|Any CPU
		{E86E8EF6-EF83-4CD4-B2A7-20A08CD835A0}.Release|x86.Build.0 = Release|Any CPU
		{60367A6D-8FF1-4289-B546-C68A2C395843}.Debug|Any CPU.ActiveCfg = Debug|Any CPU
		{60367A6D-8FF1-4289-B546-C68A2C395843}.Debug|Any CPU.Build.0 = Debug|Any CPU
		{60367A6D-8FF1-4289-B546-C68A2C395843}.Debug|x64.ActiveCfg = Debug|Any CPU
		{60367A6D-8FF1-4289-B546-C68A2C395843}.Debug|x64.Build.0 = Debug|Any CPU
		{60367A6D-8FF1-4289-B546-C68A2C395843}.Debug|x86.ActiveCfg = Debug|x86
		{60367A6D-8FF1-4289-B546-C68A2C395843}.Debug|x86.Build.0 = Debug|x86
		{60367A6D-8FF1-4289-B546-C68A2C395843}.Release|Any CPU.ActiveCfg = Release|Any CPU
		{60367A6D-8FF1-4289-B546-C68A2C395843}.Release|Any CPU.Build.0 = Release|Any CPU
		{60367A6D-8FF1-4289-B546-C68A2C395843}.Release|x64.ActiveCfg = Release|Any CPU
		{60367A6D-8FF1-4289-B546-C68A2C395843}.Release|x64.Build.0 = Release|Any CPU
		{60367A6D-8FF1-4289-B546-C68A2C395843}.Release|x86.ActiveCfg = Release|Any CPU
		{60367A6D-8FF1-4289-B546-C68A2C395843}.Release|x86.Build.0 = Release|Any CPU
		{F7DD4A1A-8C32-4247-9AE9-AE4372455A24}.Debug|Any CPU.ActiveCfg = Debug|Any CPU
		{F7DD4A1A-8C32-4247-9AE9-AE4372455A24}.Debug|Any CPU.Build.0 = Debug|Any CPU
		{F7DD4A1A-8C32-4247-9AE9-AE4372455A24}.Debug|x64.ActiveCfg = Debug|Any CPU
		{F7DD4A1A-8C32-4247-9AE9-AE4372455A24}.Debug|x64.Build.0 = Debug|Any CPU
		{F7DD4A1A-8C32-4247-9AE9-AE4372455A24}.Debug|x86.ActiveCfg = Debug|x86
		{F7DD4A1A-8C32-4247-9AE9-AE4372455A24}.Debug|x86.Build.0 = Debug|x86
		{F7DD4A1A-8C32-4247-9AE9-AE4372455A24}.Release|Any CPU.ActiveCfg = Release|Any CPU
		{F7DD4A1A-8C32-4247-9AE9-AE4372455A24}.Release|Any CPU.Build.0 = Release|Any CPU
		{F7DD4A1A-8C32-4247-9AE9-AE4372455A24}.Release|x64.ActiveCfg = Release|Any CPU
		{F7DD4A1A-8C32-4247-9AE9-AE4372455A24}.Release|x64.Build.0 = Release|Any CPU
		{F7DD4A1A-8C32-4247-9AE9-AE4372455A24}.Release|x86.ActiveCfg = Release|Any CPU
		{F7DD4A1A-8C32-4247-9AE9-AE4372455A24}.Release|x86.Build.0 = Release|Any CPU
		{76D6A8B3-10DF-4948-9028-C63A416AB00E}.Debug|Any CPU.ActiveCfg = Debug|Any CPU
		{76D6A8B3-10DF-4948-9028-C63A416AB00E}.Debug|Any CPU.Build.0 = Debug|Any CPU
		{76D6A8B3-10DF-4948-9028-C63A416AB00E}.Debug|x64.ActiveCfg = Debug|Any CPU
		{76D6A8B3-10DF-4948-9028-C63A416AB00E}.Debug|x64.Build.0 = Debug|Any CPU
		{76D6A8B3-10DF-4948-9028-C63A416AB00E}.Debug|x86.ActiveCfg = Debug|x86
		{76D6A8B3-10DF-4948-9028-C63A416AB00E}.Debug|x86.Build.0 = Debug|x86
		{76D6A8B3-10DF-4948-9028-C63A416AB00E}.Release|Any CPU.ActiveCfg = Release|Any CPU
		{76D6A8B3-10DF-4948-9028-C63A416AB00E}.Release|Any CPU.Build.0 = Release|Any CPU
		{76D6A8B3-10DF-4948-9028-C63A416AB00E}.Release|x64.ActiveCfg = Release|Any CPU
		{76D6A8B3-10DF-4948-9028-C63A416AB00E}.Release|x64.Build.0 = Release|Any CPU
		{76D6A8B3-10DF-4948-9028-C63A416AB00E}.Release|x86.ActiveCfg = Release|Any CPU
		{76D6A8B3-10DF-4948-9028-C63A416AB00E}.Release|x86.Build.0 = Release|Any CPU
		{59E3C353-1350-42D8-A045-CBBAD232F228}.Debug|Any CPU.ActiveCfg = Debug|Any CPU
		{59E3C353-1350-42D8-A045-CBBAD232F228}.Debug|Any CPU.Build.0 = Debug|Any CPU
		{59E3C353-1350-42D8-A045-CBBAD232F228}.Debug|x64.ActiveCfg = Debug|Any CPU
		{59E3C353-1350-42D8-A045-CBBAD232F228}.Debug|x64.Build.0 = Debug|Any CPU
		{59E3C353-1350-42D8-A045-CBBAD232F228}.Debug|x86.ActiveCfg = Debug|x86
		{59E3C353-1350-42D8-A045-CBBAD232F228}.Debug|x86.Build.0 = Debug|x86
		{59E3C353-1350-42D8-A045-CBBAD232F228}.Release|Any CPU.ActiveCfg = Release|Any CPU
		{59E3C353-1350-42D8-A045-CBBAD232F228}.Release|Any CPU.Build.0 = Release|Any CPU
		{59E3C353-1350-42D8-A045-CBBAD232F228}.Release|x64.ActiveCfg = Release|Any CPU
		{59E3C353-1350-42D8-A045-CBBAD232F228}.Release|x64.Build.0 = Release|Any CPU
		{59E3C353-1350-42D8-A045-CBBAD232F228}.Release|x86.ActiveCfg = Release|Any CPU
		{59E3C353-1350-42D8-A045-CBBAD232F228}.Release|x86.Build.0 = Release|Any CPU
		{2A67C9C3-9577-4922-991F-291EAA6B4F2D}.Debug|Any CPU.ActiveCfg = Debug|Any CPU
		{2A67C9C3-9577-4922-991F-291EAA6B4F2D}.Debug|Any CPU.Build.0 = Debug|Any CPU
		{2A67C9C3-9577-4922-991F-291EAA6B4F2D}.Debug|x64.ActiveCfg = Debug|Any CPU
		{2A67C9C3-9577-4922-991F-291EAA6B4F2D}.Debug|x64.Build.0 = Debug|Any CPU
		{2A67C9C3-9577-4922-991F-291EAA6B4F2D}.Debug|x86.ActiveCfg = Debug|x86
		{2A67C9C3-9577-4922-991F-291EAA6B4F2D}.Debug|x86.Build.0 = Debug|x86
		{2A67C9C3-9577-4922-991F-291EAA6B4F2D}.Release|Any CPU.ActiveCfg = Release|Any CPU
		{2A67C9C3-9577-4922-991F-291EAA6B4F2D}.Release|Any CPU.Build.0 = Release|Any CPU
		{2A67C9C3-9577-4922-991F-291EAA6B4F2D}.Release|x64.ActiveCfg = Release|Any CPU
		{2A67C9C3-9577-4922-991F-291EAA6B4F2D}.Release|x64.Build.0 = Release|Any CPU
		{2A67C9C3-9577-4922-991F-291EAA6B4F2D}.Release|x86.ActiveCfg = Release|Any CPU
		{2A67C9C3-9577-4922-991F-291EAA6B4F2D}.Release|x86.Build.0 = Release|Any CPU
		{74FCBBEC-105A-4006-A1FC-8EF4F80FD2D7}.Debug|Any CPU.ActiveCfg = Debug|Any CPU
		{74FCBBEC-105A-4006-A1FC-8EF4F80FD2D7}.Debug|Any CPU.Build.0 = Debug|Any CPU
		{74FCBBEC-105A-4006-A1FC-8EF4F80FD2D7}.Debug|x64.ActiveCfg = Debug|Any CPU
		{74FCBBEC-105A-4006-A1FC-8EF4F80FD2D7}.Debug|x64.Build.0 = Debug|Any CPU
		{74FCBBEC-105A-4006-A1FC-8EF4F80FD2D7}.Debug|x86.ActiveCfg = Debug|x86
		{74FCBBEC-105A-4006-A1FC-8EF4F80FD2D7}.Debug|x86.Build.0 = Debug|x86
		{74FCBBEC-105A-4006-A1FC-8EF4F80FD2D7}.Release|Any CPU.ActiveCfg = Release|Any CPU
		{74FCBBEC-105A-4006-A1FC-8EF4F80FD2D7}.Release|Any CPU.Build.0 = Release|Any CPU
		{74FCBBEC-105A-4006-A1FC-8EF4F80FD2D7}.Release|x64.ActiveCfg = Release|Any CPU
		{74FCBBEC-105A-4006-A1FC-8EF4F80FD2D7}.Release|x64.Build.0 = Release|Any CPU
		{74FCBBEC-105A-4006-A1FC-8EF4F80FD2D7}.Release|x86.ActiveCfg = Release|Any CPU
		{74FCBBEC-105A-4006-A1FC-8EF4F80FD2D7}.Release|x86.Build.0 = Release|Any CPU
		{3D13FA23-1B13-4FA8-8654-D5E7C1BAD823}.Debug|Any CPU.ActiveCfg = Debug|Any CPU
		{3D13FA23-1B13-4FA8-8654-D5E7C1BAD823}.Debug|Any CPU.Build.0 = Debug|Any CPU
		{3D13FA23-1B13-4FA8-8654-D5E7C1BAD823}.Debug|x64.ActiveCfg = Debug|Any CPU
		{3D13FA23-1B13-4FA8-8654-D5E7C1BAD823}.Debug|x64.Build.0 = Debug|Any CPU
		{3D13FA23-1B13-4FA8-8654-D5E7C1BAD823}.Debug|x86.ActiveCfg = Debug|x86
		{3D13FA23-1B13-4FA8-8654-D5E7C1BAD823}.Debug|x86.Build.0 = Debug|x86
		{3D13FA23-1B13-4FA8-8654-D5E7C1BAD823}.Release|Any CPU.ActiveCfg = Release|Any CPU
		{3D13FA23-1B13-4FA8-8654-D5E7C1BAD823}.Release|Any CPU.Build.0 = Release|Any CPU
		{3D13FA23-1B13-4FA8-8654-D5E7C1BAD823}.Release|x64.ActiveCfg = Release|Any CPU
		{3D13FA23-1B13-4FA8-8654-D5E7C1BAD823}.Release|x64.Build.0 = Release|Any CPU
		{3D13FA23-1B13-4FA8-8654-D5E7C1BAD823}.Release|x86.ActiveCfg = Release|Any CPU
		{3D13FA23-1B13-4FA8-8654-D5E7C1BAD823}.Release|x86.Build.0 = Release|Any CPU
		{7368AF5F-2C82-4750-A31F-63AA4432758C}.Debug|Any CPU.ActiveCfg = Debug|Any CPU
		{7368AF5F-2C82-4750-A31F-63AA4432758C}.Debug|Any CPU.Build.0 = Debug|Any CPU
		{7368AF5F-2C82-4750-A31F-63AA4432758C}.Debug|x64.ActiveCfg = Debug|Any CPU
		{7368AF5F-2C82-4750-A31F-63AA4432758C}.Debug|x64.Build.0 = Debug|Any CPU
		{7368AF5F-2C82-4750-A31F-63AA4432758C}.Debug|x86.ActiveCfg = Debug|x86
		{7368AF5F-2C82-4750-A31F-63AA4432758C}.Debug|x86.Build.0 = Debug|x86
		{7368AF5F-2C82-4750-A31F-63AA4432758C}.Release|Any CPU.ActiveCfg = Release|Any CPU
		{7368AF5F-2C82-4750-A31F-63AA4432758C}.Release|Any CPU.Build.0 = Release|Any CPU
		{7368AF5F-2C82-4750-A31F-63AA4432758C}.Release|x64.ActiveCfg = Release|Any CPU
		{7368AF5F-2C82-4750-A31F-63AA4432758C}.Release|x64.Build.0 = Release|Any CPU
		{7368AF5F-2C82-4750-A31F-63AA4432758C}.Release|x86.ActiveCfg = Release|Any CPU
		{7368AF5F-2C82-4750-A31F-63AA4432758C}.Release|x86.Build.0 = Release|Any CPU
		{2AE83F37-E52A-4ADC-82E9-243465953FFD}.Debug|Any CPU.ActiveCfg = Debug|Any CPU
		{2AE83F37-E52A-4ADC-82E9-243465953FFD}.Debug|Any CPU.Build.0 = Debug|Any CPU
		{2AE83F37-E52A-4ADC-82E9-243465953FFD}.Debug|x64.ActiveCfg = Debug|Any CPU
		{2AE83F37-E52A-4ADC-82E9-243465953FFD}.Debug|x64.Build.0 = Debug|Any CPU
		{2AE83F37-E52A-4ADC-82E9-243465953FFD}.Debug|x86.ActiveCfg = Debug|x86
		{2AE83F37-E52A-4ADC-82E9-243465953FFD}.Debug|x86.Build.0 = Debug|x86
		{2AE83F37-E52A-4ADC-82E9-243465953FFD}.Release|Any CPU.ActiveCfg = Release|Any CPU
		{2AE83F37-E52A-4ADC-82E9-243465953FFD}.Release|Any CPU.Build.0 = Release|Any CPU
		{2AE83F37-E52A-4ADC-82E9-243465953FFD}.Release|x64.ActiveCfg = Release|Any CPU
		{2AE83F37-E52A-4ADC-82E9-243465953FFD}.Release|x64.Build.0 = Release|Any CPU
		{2AE83F37-E52A-4ADC-82E9-243465953FFD}.Release|x86.ActiveCfg = Release|Any CPU
		{2AE83F37-E52A-4ADC-82E9-243465953FFD}.Release|x86.Build.0 = Release|Any CPU
		{38259F2B-9C90-48BE-A519-E4EEC62C242C}.Debug|Any CPU.ActiveCfg = Debug|Any CPU
		{38259F2B-9C90-48BE-A519-E4EEC62C242C}.Debug|Any CPU.Build.0 = Debug|Any CPU
		{38259F2B-9C90-48BE-A519-E4EEC62C242C}.Debug|x64.ActiveCfg = Debug|Any CPU
		{38259F2B-9C90-48BE-A519-E4EEC62C242C}.Debug|x64.Build.0 = Debug|Any CPU
		{38259F2B-9C90-48BE-A519-E4EEC62C242C}.Debug|x86.ActiveCfg = Debug|x86
		{38259F2B-9C90-48BE-A519-E4EEC62C242C}.Debug|x86.Build.0 = Debug|x86
		{38259F2B-9C90-48BE-A519-E4EEC62C242C}.Release|Any CPU.ActiveCfg = Release|Any CPU
		{38259F2B-9C90-48BE-A519-E4EEC62C242C}.Release|Any CPU.Build.0 = Release|Any CPU
		{38259F2B-9C90-48BE-A519-E4EEC62C242C}.Release|x64.ActiveCfg = Release|Any CPU
		{38259F2B-9C90-48BE-A519-E4EEC62C242C}.Release|x64.Build.0 = Release|Any CPU
		{38259F2B-9C90-48BE-A519-E4EEC62C242C}.Release|x86.ActiveCfg = Release|Any CPU
		{38259F2B-9C90-48BE-A519-E4EEC62C242C}.Release|x86.Build.0 = Release|Any CPU
		{DE27E48A-F5C1-4AE4-A50D-FFA0FFF4CFFD}.Debug|Any CPU.ActiveCfg = Debug|Any CPU
		{DE27E48A-F5C1-4AE4-A50D-FFA0FFF4CFFD}.Debug|Any CPU.Build.0 = Debug|Any CPU
		{DE27E48A-F5C1-4AE4-A50D-FFA0FFF4CFFD}.Debug|x64.ActiveCfg = Debug|Any CPU
		{DE27E48A-F5C1-4AE4-A50D-FFA0FFF4CFFD}.Debug|x64.Build.0 = Debug|Any CPU
		{DE27E48A-F5C1-4AE4-A50D-FFA0FFF4CFFD}.Debug|x86.ActiveCfg = Debug|x86
		{DE27E48A-F5C1-4AE4-A50D-FFA0FFF4CFFD}.Debug|x86.Build.0 = Debug|x86
		{DE27E48A-F5C1-4AE4-A50D-FFA0FFF4CFFD}.Release|Any CPU.ActiveCfg = Release|Any CPU
		{DE27E48A-F5C1-4AE4-A50D-FFA0FFF4CFFD}.Release|Any CPU.Build.0 = Release|Any CPU
		{DE27E48A-F5C1-4AE4-A50D-FFA0FFF4CFFD}.Release|x64.ActiveCfg = Release|Any CPU
		{DE27E48A-F5C1-4AE4-A50D-FFA0FFF4CFFD}.Release|x64.Build.0 = Release|Any CPU
		{DE27E48A-F5C1-4AE4-A50D-FFA0FFF4CFFD}.Release|x86.ActiveCfg = Release|Any CPU
		{DE27E48A-F5C1-4AE4-A50D-FFA0FFF4CFFD}.Release|x86.Build.0 = Release|Any CPU
		{1C6C45BF-FE19-4C23-B327-01F45B0F269C}.Debug|Any CPU.ActiveCfg = Debug|Any CPU
		{1C6C45BF-FE19-4C23-B327-01F45B0F269C}.Debug|Any CPU.Build.0 = Debug|Any CPU
		{1C6C45BF-FE19-4C23-B327-01F45B0F269C}.Debug|x64.ActiveCfg = Debug|Any CPU
		{1C6C45BF-FE19-4C23-B327-01F45B0F269C}.Debug|x64.Build.0 = Debug|Any CPU
		{1C6C45BF-FE19-4C23-B327-01F45B0F269C}.Debug|x86.ActiveCfg = Debug|x86
		{1C6C45BF-FE19-4C23-B327-01F45B0F269C}.Debug|x86.Build.0 = Debug|x86
		{1C6C45BF-FE19-4C23-B327-01F45B0F269C}.Release|Any CPU.ActiveCfg = Release|Any CPU
		{1C6C45BF-FE19-4C23-B327-01F45B0F269C}.Release|Any CPU.Build.0 = Release|Any CPU
		{1C6C45BF-FE19-4C23-B327-01F45B0F269C}.Release|x64.ActiveCfg = Release|Any CPU
		{1C6C45BF-FE19-4C23-B327-01F45B0F269C}.Release|x64.Build.0 = Release|Any CPU
		{1C6C45BF-FE19-4C23-B327-01F45B0F269C}.Release|x86.ActiveCfg = Release|Any CPU
		{1C6C45BF-FE19-4C23-B327-01F45B0F269C}.Release|x86.Build.0 = Release|Any CPU
		{74517907-2236-4C45-80ED-E188D5E5CE0E}.Debug|Any CPU.ActiveCfg = Debug|Any CPU
		{74517907-2236-4C45-80ED-E188D5E5CE0E}.Debug|Any CPU.Build.0 = Debug|Any CPU
		{74517907-2236-4C45-80ED-E188D5E5CE0E}.Debug|x64.ActiveCfg = Debug|Any CPU
		{74517907-2236-4C45-80ED-E188D5E5CE0E}.Debug|x64.Build.0 = Debug|Any CPU
		{74517907-2236-4C45-80ED-E188D5E5CE0E}.Debug|x86.ActiveCfg = Debug|x86
		{74517907-2236-4C45-80ED-E188D5E5CE0E}.Debug|x86.Build.0 = Debug|x86
		{74517907-2236-4C45-80ED-E188D5E5CE0E}.Release|Any CPU.ActiveCfg = Release|Any CPU
		{74517907-2236-4C45-80ED-E188D5E5CE0E}.Release|Any CPU.Build.0 = Release|Any CPU
		{74517907-2236-4C45-80ED-E188D5E5CE0E}.Release|x64.ActiveCfg = Release|Any CPU
		{74517907-2236-4C45-80ED-E188D5E5CE0E}.Release|x64.Build.0 = Release|Any CPU
		{74517907-2236-4C45-80ED-E188D5E5CE0E}.Release|x86.ActiveCfg = Release|Any CPU
		{74517907-2236-4C45-80ED-E188D5E5CE0E}.Release|x86.Build.0 = Release|Any CPU
		{E4703C3D-A7CA-4E63-90A6-C6E58C121F1D}.Debug|Any CPU.ActiveCfg = Debug|Any CPU
		{E4703C3D-A7CA-4E63-90A6-C6E58C121F1D}.Debug|Any CPU.Build.0 = Debug|Any CPU
		{E4703C3D-A7CA-4E63-90A6-C6E58C121F1D}.Debug|x64.ActiveCfg = Debug|Any CPU
		{E4703C3D-A7CA-4E63-90A6-C6E58C121F1D}.Debug|x64.Build.0 = Debug|Any CPU
		{E4703C3D-A7CA-4E63-90A6-C6E58C121F1D}.Debug|x86.ActiveCfg = Debug|x86
		{E4703C3D-A7CA-4E63-90A6-C6E58C121F1D}.Debug|x86.Build.0 = Debug|x86
		{E4703C3D-A7CA-4E63-90A6-C6E58C121F1D}.Release|Any CPU.ActiveCfg = Release|Any CPU
		{E4703C3D-A7CA-4E63-90A6-C6E58C121F1D}.Release|Any CPU.Build.0 = Release|Any CPU
		{E4703C3D-A7CA-4E63-90A6-C6E58C121F1D}.Release|x64.ActiveCfg = Release|Any CPU
		{E4703C3D-A7CA-4E63-90A6-C6E58C121F1D}.Release|x64.Build.0 = Release|Any CPU
		{E4703C3D-A7CA-4E63-90A6-C6E58C121F1D}.Release|x86.ActiveCfg = Release|Any CPU
		{E4703C3D-A7CA-4E63-90A6-C6E58C121F1D}.Release|x86.Build.0 = Release|Any CPU
		{1151A88B-47AF-41DA-BCDF-DEFED0CC326E}.Debug|Any CPU.ActiveCfg = Debug|Any CPU
		{1151A88B-47AF-41DA-BCDF-DEFED0CC326E}.Debug|Any CPU.Build.0 = Debug|Any CPU
		{1151A88B-47AF-41DA-BCDF-DEFED0CC326E}.Debug|x64.ActiveCfg = Debug|Any CPU
		{1151A88B-47AF-41DA-BCDF-DEFED0CC326E}.Debug|x64.Build.0 = Debug|Any CPU
		{1151A88B-47AF-41DA-BCDF-DEFED0CC326E}.Debug|x86.ActiveCfg = Debug|x86
		{1151A88B-47AF-41DA-BCDF-DEFED0CC326E}.Debug|x86.Build.0 = Debug|x86
		{1151A88B-47AF-41DA-BCDF-DEFED0CC326E}.Release|Any CPU.ActiveCfg = Release|Any CPU
		{1151A88B-47AF-41DA-BCDF-DEFED0CC326E}.Release|Any CPU.Build.0 = Release|Any CPU
		{1151A88B-47AF-41DA-BCDF-DEFED0CC326E}.Release|x64.ActiveCfg = Release|Any CPU
		{1151A88B-47AF-41DA-BCDF-DEFED0CC326E}.Release|x64.Build.0 = Release|Any CPU
		{1151A88B-47AF-41DA-BCDF-DEFED0CC326E}.Release|x86.ActiveCfg = Release|Any CPU
		{1151A88B-47AF-41DA-BCDF-DEFED0CC326E}.Release|x86.Build.0 = Release|Any CPU
		{9877B092-C8C0-4B84-B5A0-F9A68AA1C0E4}.Debug|Any CPU.ActiveCfg = Debug|Any CPU
		{9877B092-C8C0-4B84-B5A0-F9A68AA1C0E4}.Debug|Any CPU.Build.0 = Debug|Any CPU
		{9877B092-C8C0-4B84-B5A0-F9A68AA1C0E4}.Debug|x64.ActiveCfg = Debug|Any CPU
		{9877B092-C8C0-4B84-B5A0-F9A68AA1C0E4}.Debug|x64.Build.0 = Debug|Any CPU
		{9877B092-C8C0-4B84-B5A0-F9A68AA1C0E4}.Debug|x86.ActiveCfg = Debug|x86
		{9877B092-C8C0-4B84-B5A0-F9A68AA1C0E4}.Debug|x86.Build.0 = Debug|x86
		{9877B092-C8C0-4B84-B5A0-F9A68AA1C0E4}.Release|Any CPU.ActiveCfg = Release|Any CPU
		{9877B092-C8C0-4B84-B5A0-F9A68AA1C0E4}.Release|Any CPU.Build.0 = Release|Any CPU
		{9877B092-C8C0-4B84-B5A0-F9A68AA1C0E4}.Release|x64.ActiveCfg = Release|Any CPU
		{9877B092-C8C0-4B84-B5A0-F9A68AA1C0E4}.Release|x64.Build.0 = Release|Any CPU
		{9877B092-C8C0-4B84-B5A0-F9A68AA1C0E4}.Release|x86.ActiveCfg = Release|Any CPU
		{9877B092-C8C0-4B84-B5A0-F9A68AA1C0E4}.Release|x86.Build.0 = Release|Any CPU
		{6F0D2F45-62FD-4BF5-95C0-46D66C981034}.Debug|Any CPU.ActiveCfg = Debug|Any CPU
		{6F0D2F45-62FD-4BF5-95C0-46D66C981034}.Debug|Any CPU.Build.0 = Debug|Any CPU
		{6F0D2F45-62FD-4BF5-95C0-46D66C981034}.Debug|x64.ActiveCfg = Debug|Any CPU
		{6F0D2F45-62FD-4BF5-95C0-46D66C981034}.Debug|x64.Build.0 = Debug|Any CPU
		{6F0D2F45-62FD-4BF5-95C0-46D66C981034}.Debug|x86.ActiveCfg = Debug|x86
		{6F0D2F45-62FD-4BF5-95C0-46D66C981034}.Debug|x86.Build.0 = Debug|x86
		{6F0D2F45-62FD-4BF5-95C0-46D66C981034}.Release|Any CPU.ActiveCfg = Release|Any CPU
		{6F0D2F45-62FD-4BF5-95C0-46D66C981034}.Release|Any CPU.Build.0 = Release|Any CPU
		{6F0D2F45-62FD-4BF5-95C0-46D66C981034}.Release|x64.ActiveCfg = Release|Any CPU
		{6F0D2F45-62FD-4BF5-95C0-46D66C981034}.Release|x64.Build.0 = Release|Any CPU
		{6F0D2F45-62FD-4BF5-95C0-46D66C981034}.Release|x86.ActiveCfg = Release|Any CPU
		{6F0D2F45-62FD-4BF5-95C0-46D66C981034}.Release|x86.Build.0 = Release|Any CPU
		{4B573801-C012-4C34-88A8-3D4CE694C905}.Debug|Any CPU.ActiveCfg = Debug|Any CPU
		{4B573801-C012-4C34-88A8-3D4CE694C905}.Debug|Any CPU.Build.0 = Debug|Any CPU
		{4B573801-C012-4C34-88A8-3D4CE694C905}.Debug|x64.ActiveCfg = Debug|Any CPU
		{4B573801-C012-4C34-88A8-3D4CE694C905}.Debug|x64.Build.0 = Debug|Any CPU
		{4B573801-C012-4C34-88A8-3D4CE694C905}.Debug|x86.ActiveCfg = Debug|x86
		{4B573801-C012-4C34-88A8-3D4CE694C905}.Debug|x86.Build.0 = Debug|x86
		{4B573801-C012-4C34-88A8-3D4CE694C905}.Release|Any CPU.ActiveCfg = Release|Any CPU
		{4B573801-C012-4C34-88A8-3D4CE694C905}.Release|Any CPU.Build.0 = Release|Any CPU
		{4B573801-C012-4C34-88A8-3D4CE694C905}.Release|x64.ActiveCfg = Release|Any CPU
		{4B573801-C012-4C34-88A8-3D4CE694C905}.Release|x64.Build.0 = Release|Any CPU
		{4B573801-C012-4C34-88A8-3D4CE694C905}.Release|x86.ActiveCfg = Release|Any CPU
		{4B573801-C012-4C34-88A8-3D4CE694C905}.Release|x86.Build.0 = Release|Any CPU
		{2EA51E60-64FA-4822-AE2A-A996BA79AA76}.Debug|Any CPU.ActiveCfg = Debug|Any CPU
		{2EA51E60-64FA-4822-AE2A-A996BA79AA76}.Debug|Any CPU.Build.0 = Debug|Any CPU
		{2EA51E60-64FA-4822-AE2A-A996BA79AA76}.Debug|x64.ActiveCfg = Debug|Any CPU
		{2EA51E60-64FA-4822-AE2A-A996BA79AA76}.Debug|x64.Build.0 = Debug|Any CPU
		{2EA51E60-64FA-4822-AE2A-A996BA79AA76}.Debug|x86.ActiveCfg = Debug|x86
		{2EA51E60-64FA-4822-AE2A-A996BA79AA76}.Debug|x86.Build.0 = Debug|x86
		{2EA51E60-64FA-4822-AE2A-A996BA79AA76}.Release|Any CPU.ActiveCfg = Release|Any CPU
		{2EA51E60-64FA-4822-AE2A-A996BA79AA76}.Release|Any CPU.Build.0 = Release|Any CPU
		{2EA51E60-64FA-4822-AE2A-A996BA79AA76}.Release|x64.ActiveCfg = Release|Any CPU
		{2EA51E60-64FA-4822-AE2A-A996BA79AA76}.Release|x64.Build.0 = Release|Any CPU
		{2EA51E60-64FA-4822-AE2A-A996BA79AA76}.Release|x86.ActiveCfg = Release|Any CPU
		{2EA51E60-64FA-4822-AE2A-A996BA79AA76}.Release|x86.Build.0 = Release|Any CPU
		{4A0695E9-8C32-4F70-B7C7-B7F2EF7E38B6}.Debug|Any CPU.ActiveCfg = Debug|Any CPU
		{4A0695E9-8C32-4F70-B7C7-B7F2EF7E38B6}.Debug|Any CPU.Build.0 = Debug|Any CPU
		{4A0695E9-8C32-4F70-B7C7-B7F2EF7E38B6}.Debug|x64.ActiveCfg = Debug|Any CPU
		{4A0695E9-8C32-4F70-B7C7-B7F2EF7E38B6}.Debug|x64.Build.0 = Debug|Any CPU
		{4A0695E9-8C32-4F70-B7C7-B7F2EF7E38B6}.Debug|x86.ActiveCfg = Debug|x86
		{4A0695E9-8C32-4F70-B7C7-B7F2EF7E38B6}.Debug|x86.Build.0 = Debug|x86
		{4A0695E9-8C32-4F70-B7C7-B7F2EF7E38B6}.Release|Any CPU.ActiveCfg = Release|Any CPU
		{4A0695E9-8C32-4F70-B7C7-B7F2EF7E38B6}.Release|Any CPU.Build.0 = Release|Any CPU
		{4A0695E9-8C32-4F70-B7C7-B7F2EF7E38B6}.Release|x64.ActiveCfg = Release|Any CPU
		{4A0695E9-8C32-4F70-B7C7-B7F2EF7E38B6}.Release|x64.Build.0 = Release|Any CPU
		{4A0695E9-8C32-4F70-B7C7-B7F2EF7E38B6}.Release|x86.ActiveCfg = Release|Any CPU
		{4A0695E9-8C32-4F70-B7C7-B7F2EF7E38B6}.Release|x86.Build.0 = Release|Any CPU
		{8886DFAA-51F0-4E64-A754-EF4FCB9CCA4B}.Debug|Any CPU.ActiveCfg = Debug|Any CPU
		{8886DFAA-51F0-4E64-A754-EF4FCB9CCA4B}.Debug|Any CPU.Build.0 = Debug|Any CPU
		{8886DFAA-51F0-4E64-A754-EF4FCB9CCA4B}.Debug|x64.ActiveCfg = Debug|Any CPU
		{8886DFAA-51F0-4E64-A754-EF4FCB9CCA4B}.Debug|x64.Build.0 = Debug|Any CPU
		{8886DFAA-51F0-4E64-A754-EF4FCB9CCA4B}.Debug|x86.ActiveCfg = Debug|x86
		{8886DFAA-51F0-4E64-A754-EF4FCB9CCA4B}.Debug|x86.Build.0 = Debug|x86
		{8886DFAA-51F0-4E64-A754-EF4FCB9CCA4B}.Release|Any CPU.ActiveCfg = Release|Any CPU
		{8886DFAA-51F0-4E64-A754-EF4FCB9CCA4B}.Release|Any CPU.Build.0 = Release|Any CPU
		{8886DFAA-51F0-4E64-A754-EF4FCB9CCA4B}.Release|x64.ActiveCfg = Release|Any CPU
		{8886DFAA-51F0-4E64-A754-EF4FCB9CCA4B}.Release|x64.Build.0 = Release|Any CPU
		{8886DFAA-51F0-4E64-A754-EF4FCB9CCA4B}.Release|x86.ActiveCfg = Release|Any CPU
		{8886DFAA-51F0-4E64-A754-EF4FCB9CCA4B}.Release|x86.Build.0 = Release|Any CPU
		{283AB63B-00B1-4479-8D1D-E2CEC07C4B64}.Debug|Any CPU.ActiveCfg = Debug|Any CPU
		{283AB63B-00B1-4479-8D1D-E2CEC07C4B64}.Debug|Any CPU.Build.0 = Debug|Any CPU
		{283AB63B-00B1-4479-8D1D-E2CEC07C4B64}.Debug|x64.ActiveCfg = Debug|Any CPU
		{283AB63B-00B1-4479-8D1D-E2CEC07C4B64}.Debug|x64.Build.0 = Debug|Any CPU
		{283AB63B-00B1-4479-8D1D-E2CEC07C4B64}.Debug|x86.ActiveCfg = Debug|x86
		{283AB63B-00B1-4479-8D1D-E2CEC07C4B64}.Debug|x86.Build.0 = Debug|x86
		{283AB63B-00B1-4479-8D1D-E2CEC07C4B64}.Release|Any CPU.ActiveCfg = Release|Any CPU
		{283AB63B-00B1-4479-8D1D-E2CEC07C4B64}.Release|Any CPU.Build.0 = Release|Any CPU
		{283AB63B-00B1-4479-8D1D-E2CEC07C4B64}.Release|x64.ActiveCfg = Release|Any CPU
		{283AB63B-00B1-4479-8D1D-E2CEC07C4B64}.Release|x64.Build.0 = Release|Any CPU
		{283AB63B-00B1-4479-8D1D-E2CEC07C4B64}.Release|x86.ActiveCfg = Release|Any CPU
		{283AB63B-00B1-4479-8D1D-E2CEC07C4B64}.Release|x86.Build.0 = Release|Any CPU
		{B552AF25-66F1-4DFE-8760-2D3053F57E7C}.Debug|Any CPU.ActiveCfg = Debug|Any CPU
		{B552AF25-66F1-4DFE-8760-2D3053F57E7C}.Debug|Any CPU.Build.0 = Debug|Any CPU
		{B552AF25-66F1-4DFE-8760-2D3053F57E7C}.Debug|x64.ActiveCfg = Debug|Any CPU
		{B552AF25-66F1-4DFE-8760-2D3053F57E7C}.Debug|x64.Build.0 = Debug|Any CPU
		{B552AF25-66F1-4DFE-8760-2D3053F57E7C}.Debug|x86.ActiveCfg = Debug|x86
		{B552AF25-66F1-4DFE-8760-2D3053F57E7C}.Debug|x86.Build.0 = Debug|x86
		{B552AF25-66F1-4DFE-8760-2D3053F57E7C}.Release|Any CPU.ActiveCfg = Release|Any CPU
		{B552AF25-66F1-4DFE-8760-2D3053F57E7C}.Release|Any CPU.Build.0 = Release|Any CPU
		{B552AF25-66F1-4DFE-8760-2D3053F57E7C}.Release|x64.ActiveCfg = Release|Any CPU
		{B552AF25-66F1-4DFE-8760-2D3053F57E7C}.Release|x64.Build.0 = Release|Any CPU
		{B552AF25-66F1-4DFE-8760-2D3053F57E7C}.Release|x86.ActiveCfg = Release|Any CPU
		{B552AF25-66F1-4DFE-8760-2D3053F57E7C}.Release|x86.Build.0 = Release|Any CPU
		{45021667-BAD2-4ECA-8423-F4734F914CBB}.Debug|Any CPU.ActiveCfg = Debug|Any CPU
		{45021667-BAD2-4ECA-8423-F4734F914CBB}.Debug|Any CPU.Build.0 = Debug|Any CPU
		{45021667-BAD2-4ECA-8423-F4734F914CBB}.Debug|x64.ActiveCfg = Debug|Any CPU
		{45021667-BAD2-4ECA-8423-F4734F914CBB}.Debug|x64.Build.0 = Debug|Any CPU
		{45021667-BAD2-4ECA-8423-F4734F914CBB}.Debug|x86.ActiveCfg = Debug|x86
		{45021667-BAD2-4ECA-8423-F4734F914CBB}.Debug|x86.Build.0 = Debug|x86
		{45021667-BAD2-4ECA-8423-F4734F914CBB}.Release|Any CPU.ActiveCfg = Release|Any CPU
		{45021667-BAD2-4ECA-8423-F4734F914CBB}.Release|Any CPU.Build.0 = Release|Any CPU
		{45021667-BAD2-4ECA-8423-F4734F914CBB}.Release|x64.ActiveCfg = Release|Any CPU
		{45021667-BAD2-4ECA-8423-F4734F914CBB}.Release|x64.Build.0 = Release|Any CPU
		{45021667-BAD2-4ECA-8423-F4734F914CBB}.Release|x86.ActiveCfg = Release|Any CPU
		{45021667-BAD2-4ECA-8423-F4734F914CBB}.Release|x86.Build.0 = Release|Any CPU
		{9C10B224-7ABC-46D1-9ADC-58A817D6AF59}.Debug|Any CPU.ActiveCfg = Debug|Any CPU
		{9C10B224-7ABC-46D1-9ADC-58A817D6AF59}.Debug|Any CPU.Build.0 = Debug|Any CPU
		{9C10B224-7ABC-46D1-9ADC-58A817D6AF59}.Debug|x64.ActiveCfg = Debug|Any CPU
		{9C10B224-7ABC-46D1-9ADC-58A817D6AF59}.Debug|x64.Build.0 = Debug|Any CPU
		{9C10B224-7ABC-46D1-9ADC-58A817D6AF59}.Debug|x86.ActiveCfg = Debug|x86
		{9C10B224-7ABC-46D1-9ADC-58A817D6AF59}.Debug|x86.Build.0 = Debug|x86
		{9C10B224-7ABC-46D1-9ADC-58A817D6AF59}.Release|Any CPU.ActiveCfg = Release|Any CPU
		{9C10B224-7ABC-46D1-9ADC-58A817D6AF59}.Release|Any CPU.Build.0 = Release|Any CPU
		{9C10B224-7ABC-46D1-9ADC-58A817D6AF59}.Release|x64.ActiveCfg = Release|Any CPU
		{9C10B224-7ABC-46D1-9ADC-58A817D6AF59}.Release|x64.Build.0 = Release|Any CPU
		{9C10B224-7ABC-46D1-9ADC-58A817D6AF59}.Release|x86.ActiveCfg = Release|Any CPU
		{9C10B224-7ABC-46D1-9ADC-58A817D6AF59}.Release|x86.Build.0 = Release|Any CPU
		{833C3B98-5A2D-476B-8B4B-C9548C1C99B6}.Debug|Any CPU.ActiveCfg = Debug|Any CPU
		{833C3B98-5A2D-476B-8B4B-C9548C1C99B6}.Debug|Any CPU.Build.0 = Debug|Any CPU
		{833C3B98-5A2D-476B-8B4B-C9548C1C99B6}.Debug|x64.ActiveCfg = Debug|Any CPU
		{833C3B98-5A2D-476B-8B4B-C9548C1C99B6}.Debug|x64.Build.0 = Debug|Any CPU
		{833C3B98-5A2D-476B-8B4B-C9548C1C99B6}.Debug|x86.ActiveCfg = Debug|x86
		{833C3B98-5A2D-476B-8B4B-C9548C1C99B6}.Debug|x86.Build.0 = Debug|x86
		{833C3B98-5A2D-476B-8B4B-C9548C1C99B6}.Release|Any CPU.ActiveCfg = Release|Any CPU
		{833C3B98-5A2D-476B-8B4B-C9548C1C99B6}.Release|Any CPU.Build.0 = Release|Any CPU
		{833C3B98-5A2D-476B-8B4B-C9548C1C99B6}.Release|x64.ActiveCfg = Release|Any CPU
		{833C3B98-5A2D-476B-8B4B-C9548C1C99B6}.Release|x64.Build.0 = Release|Any CPU
		{833C3B98-5A2D-476B-8B4B-C9548C1C99B6}.Release|x86.ActiveCfg = Release|Any CPU
		{833C3B98-5A2D-476B-8B4B-C9548C1C99B6}.Release|x86.Build.0 = Release|Any CPU
		{0E0A4A2C-1BAE-4659-9511-5C089FA4E154}.Debug|Any CPU.ActiveCfg = Debug|Any CPU
		{0E0A4A2C-1BAE-4659-9511-5C089FA4E154}.Debug|Any CPU.Build.0 = Debug|Any CPU
		{0E0A4A2C-1BAE-4659-9511-5C089FA4E154}.Debug|x64.ActiveCfg = Debug|Any CPU
		{0E0A4A2C-1BAE-4659-9511-5C089FA4E154}.Debug|x64.Build.0 = Debug|Any CPU
		{0E0A4A2C-1BAE-4659-9511-5C089FA4E154}.Debug|x86.ActiveCfg = Debug|x86
		{0E0A4A2C-1BAE-4659-9511-5C089FA4E154}.Debug|x86.Build.0 = Debug|x86
		{0E0A4A2C-1BAE-4659-9511-5C089FA4E154}.Release|Any CPU.ActiveCfg = Release|Any CPU
		{0E0A4A2C-1BAE-4659-9511-5C089FA4E154}.Release|Any CPU.Build.0 = Release|Any CPU
		{0E0A4A2C-1BAE-4659-9511-5C089FA4E154}.Release|x64.ActiveCfg = Release|Any CPU
		{0E0A4A2C-1BAE-4659-9511-5C089FA4E154}.Release|x64.Build.0 = Release|Any CPU
		{0E0A4A2C-1BAE-4659-9511-5C089FA4E154}.Release|x86.ActiveCfg = Release|Any CPU
		{0E0A4A2C-1BAE-4659-9511-5C089FA4E154}.Release|x86.Build.0 = Release|Any CPU
		{7BEDA101-8294-40CF-838C-40523DBBCDA7}.Debug|Any CPU.ActiveCfg = Debug|Any CPU
		{7BEDA101-8294-40CF-838C-40523DBBCDA7}.Debug|Any CPU.Build.0 = Debug|Any CPU
		{7BEDA101-8294-40CF-838C-40523DBBCDA7}.Debug|x64.ActiveCfg = Debug|Any CPU
		{7BEDA101-8294-40CF-838C-40523DBBCDA7}.Debug|x64.Build.0 = Debug|Any CPU
		{7BEDA101-8294-40CF-838C-40523DBBCDA7}.Debug|x86.ActiveCfg = Debug|x86
		{7BEDA101-8294-40CF-838C-40523DBBCDA7}.Debug|x86.Build.0 = Debug|x86
		{7BEDA101-8294-40CF-838C-40523DBBCDA7}.Release|Any CPU.ActiveCfg = Release|Any CPU
		{7BEDA101-8294-40CF-838C-40523DBBCDA7}.Release|Any CPU.Build.0 = Release|Any CPU
		{7BEDA101-8294-40CF-838C-40523DBBCDA7}.Release|x64.ActiveCfg = Release|Any CPU
		{7BEDA101-8294-40CF-838C-40523DBBCDA7}.Release|x64.Build.0 = Release|Any CPU
		{7BEDA101-8294-40CF-838C-40523DBBCDA7}.Release|x86.ActiveCfg = Release|Any CPU
		{7BEDA101-8294-40CF-838C-40523DBBCDA7}.Release|x86.Build.0 = Release|Any CPU
		{62E5BE50-2A34-43D0-9ABA-EE3F751C1627}.Debug|Any CPU.ActiveCfg = Debug|Any CPU
		{62E5BE50-2A34-43D0-9ABA-EE3F751C1627}.Debug|Any CPU.Build.0 = Debug|Any CPU
		{62E5BE50-2A34-43D0-9ABA-EE3F751C1627}.Debug|x64.ActiveCfg = Debug|Any CPU
		{62E5BE50-2A34-43D0-9ABA-EE3F751C1627}.Debug|x64.Build.0 = Debug|Any CPU
		{62E5BE50-2A34-43D0-9ABA-EE3F751C1627}.Debug|x86.ActiveCfg = Debug|x86
		{62E5BE50-2A34-43D0-9ABA-EE3F751C1627}.Debug|x86.Build.0 = Debug|x86
		{62E5BE50-2A34-43D0-9ABA-EE3F751C1627}.Release|Any CPU.ActiveCfg = Release|Any CPU
		{62E5BE50-2A34-43D0-9ABA-EE3F751C1627}.Release|Any CPU.Build.0 = Release|Any CPU
		{62E5BE50-2A34-43D0-9ABA-EE3F751C1627}.Release|x64.ActiveCfg = Release|Any CPU
		{62E5BE50-2A34-43D0-9ABA-EE3F751C1627}.Release|x64.Build.0 = Release|Any CPU
		{62E5BE50-2A34-43D0-9ABA-EE3F751C1627}.Release|x86.ActiveCfg = Release|Any CPU
		{62E5BE50-2A34-43D0-9ABA-EE3F751C1627}.Release|x86.Build.0 = Release|Any CPU
		{DA114369-0A54-42A9-A3B0-F48FC5EA4F7D}.Debug|Any CPU.ActiveCfg = Debug|Any CPU
		{DA114369-0A54-42A9-A3B0-F48FC5EA4F7D}.Debug|Any CPU.Build.0 = Debug|Any CPU
		{DA114369-0A54-42A9-A3B0-F48FC5EA4F7D}.Debug|x64.ActiveCfg = Debug|Any CPU
		{DA114369-0A54-42A9-A3B0-F48FC5EA4F7D}.Debug|x64.Build.0 = Debug|Any CPU
		{DA114369-0A54-42A9-A3B0-F48FC5EA4F7D}.Debug|x86.ActiveCfg = Debug|x86
		{DA114369-0A54-42A9-A3B0-F48FC5EA4F7D}.Debug|x86.Build.0 = Debug|x86
		{DA114369-0A54-42A9-A3B0-F48FC5EA4F7D}.Release|Any CPU.ActiveCfg = Release|Any CPU
		{DA114369-0A54-42A9-A3B0-F48FC5EA4F7D}.Release|Any CPU.Build.0 = Release|Any CPU
		{DA114369-0A54-42A9-A3B0-F48FC5EA4F7D}.Release|x64.ActiveCfg = Release|Any CPU
		{DA114369-0A54-42A9-A3B0-F48FC5EA4F7D}.Release|x64.Build.0 = Release|Any CPU
		{DA114369-0A54-42A9-A3B0-F48FC5EA4F7D}.Release|x86.ActiveCfg = Release|Any CPU
		{DA114369-0A54-42A9-A3B0-F48FC5EA4F7D}.Release|x86.Build.0 = Release|Any CPU
		{4B6B73DA-1606-42F2-8774-72428062783A}.Debug|Any CPU.ActiveCfg = Debug|Any CPU
		{4B6B73DA-1606-42F2-8774-72428062783A}.Debug|Any CPU.Build.0 = Debug|Any CPU
		{4B6B73DA-1606-42F2-8774-72428062783A}.Debug|x64.ActiveCfg = Debug|Any CPU
		{4B6B73DA-1606-42F2-8774-72428062783A}.Debug|x64.Build.0 = Debug|Any CPU
		{4B6B73DA-1606-42F2-8774-72428062783A}.Debug|x86.ActiveCfg = Debug|x86
		{4B6B73DA-1606-42F2-8774-72428062783A}.Debug|x86.Build.0 = Debug|x86
		{4B6B73DA-1606-42F2-8774-72428062783A}.Release|Any CPU.ActiveCfg = Release|Any CPU
		{4B6B73DA-1606-42F2-8774-72428062783A}.Release|Any CPU.Build.0 = Release|Any CPU
		{4B6B73DA-1606-42F2-8774-72428062783A}.Release|x64.ActiveCfg = Release|Any CPU
		{4B6B73DA-1606-42F2-8774-72428062783A}.Release|x64.Build.0 = Release|Any CPU
		{4B6B73DA-1606-42F2-8774-72428062783A}.Release|x86.ActiveCfg = Release|Any CPU
		{4B6B73DA-1606-42F2-8774-72428062783A}.Release|x86.Build.0 = Release|Any CPU
		{3BB56372-08F9-4BB4-A8DC-517F66B4BF1D}.Debug|Any CPU.ActiveCfg = Debug|Any CPU
		{3BB56372-08F9-4BB4-A8DC-517F66B4BF1D}.Debug|Any CPU.Build.0 = Debug|Any CPU
		{3BB56372-08F9-4BB4-A8DC-517F66B4BF1D}.Debug|x64.ActiveCfg = Debug|Any CPU
		{3BB56372-08F9-4BB4-A8DC-517F66B4BF1D}.Debug|x64.Build.0 = Debug|Any CPU
		{3BB56372-08F9-4BB4-A8DC-517F66B4BF1D}.Debug|x86.ActiveCfg = Debug|Any CPU
		{3BB56372-08F9-4BB4-A8DC-517F66B4BF1D}.Debug|x86.Build.0 = Debug|Any CPU
		{3BB56372-08F9-4BB4-A8DC-517F66B4BF1D}.Release|Any CPU.ActiveCfg = Release|Any CPU
		{3BB56372-08F9-4BB4-A8DC-517F66B4BF1D}.Release|Any CPU.Build.0 = Release|Any CPU
		{3BB56372-08F9-4BB4-A8DC-517F66B4BF1D}.Release|x64.ActiveCfg = Release|Any CPU
		{3BB56372-08F9-4BB4-A8DC-517F66B4BF1D}.Release|x64.Build.0 = Release|Any CPU
		{3BB56372-08F9-4BB4-A8DC-517F66B4BF1D}.Release|x86.ActiveCfg = Release|Any CPU
		{3BB56372-08F9-4BB4-A8DC-517F66B4BF1D}.Release|x86.Build.0 = Release|Any CPU
		{05362C54-8D40-46C8-9401-7C40A6647DE6}.Debug|Any CPU.ActiveCfg = Debug|Any CPU
		{05362C54-8D40-46C8-9401-7C40A6647DE6}.Debug|Any CPU.Build.0 = Debug|Any CPU
		{05362C54-8D40-46C8-9401-7C40A6647DE6}.Debug|x64.ActiveCfg = Debug|Any CPU
		{05362C54-8D40-46C8-9401-7C40A6647DE6}.Debug|x64.Build.0 = Debug|Any CPU
		{05362C54-8D40-46C8-9401-7C40A6647DE6}.Debug|x86.ActiveCfg = Debug|x86
		{05362C54-8D40-46C8-9401-7C40A6647DE6}.Debug|x86.Build.0 = Debug|x86
		{05362C54-8D40-46C8-9401-7C40A6647DE6}.Release|Any CPU.ActiveCfg = Release|Any CPU
		{05362C54-8D40-46C8-9401-7C40A6647DE6}.Release|Any CPU.Build.0 = Release|Any CPU
		{05362C54-8D40-46C8-9401-7C40A6647DE6}.Release|x64.ActiveCfg = Release|Any CPU
		{05362C54-8D40-46C8-9401-7C40A6647DE6}.Release|x64.Build.0 = Release|Any CPU
		{05362C54-8D40-46C8-9401-7C40A6647DE6}.Release|x86.ActiveCfg = Release|Any CPU
		{05362C54-8D40-46C8-9401-7C40A6647DE6}.Release|x86.Build.0 = Release|Any CPU
		{55A67A5D-43E8-4290-B52F-230233B1439D}.Debug|Any CPU.ActiveCfg = Debug|Any CPU
		{55A67A5D-43E8-4290-B52F-230233B1439D}.Debug|Any CPU.Build.0 = Debug|Any CPU
		{55A67A5D-43E8-4290-B52F-230233B1439D}.Debug|x64.ActiveCfg = Debug|Any CPU
		{55A67A5D-43E8-4290-B52F-230233B1439D}.Debug|x64.Build.0 = Debug|Any CPU
		{55A67A5D-43E8-4290-B52F-230233B1439D}.Debug|x86.ActiveCfg = Debug|x86
		{55A67A5D-43E8-4290-B52F-230233B1439D}.Debug|x86.Build.0 = Debug|x86
		{55A67A5D-43E8-4290-B52F-230233B1439D}.Release|Any CPU.ActiveCfg = Release|Any CPU
		{55A67A5D-43E8-4290-B52F-230233B1439D}.Release|Any CPU.Build.0 = Release|Any CPU
		{55A67A5D-43E8-4290-B52F-230233B1439D}.Release|x64.ActiveCfg = Release|Any CPU
		{55A67A5D-43E8-4290-B52F-230233B1439D}.Release|x64.Build.0 = Release|Any CPU
		{55A67A5D-43E8-4290-B52F-230233B1439D}.Release|x86.ActiveCfg = Release|Any CPU
		{55A67A5D-43E8-4290-B52F-230233B1439D}.Release|x86.Build.0 = Release|Any CPU
		{BA6E610A-3015-4536-99CD-D73892E9BD1E}.Debug|Any CPU.ActiveCfg = Debug|Any CPU
		{BA6E610A-3015-4536-99CD-D73892E9BD1E}.Debug|Any CPU.Build.0 = Debug|Any CPU
		{BA6E610A-3015-4536-99CD-D73892E9BD1E}.Debug|x64.ActiveCfg = Debug|Any CPU
		{BA6E610A-3015-4536-99CD-D73892E9BD1E}.Debug|x64.Build.0 = Debug|Any CPU
		{BA6E610A-3015-4536-99CD-D73892E9BD1E}.Debug|x86.ActiveCfg = Debug|x86
		{BA6E610A-3015-4536-99CD-D73892E9BD1E}.Debug|x86.Build.0 = Debug|x86
		{BA6E610A-3015-4536-99CD-D73892E9BD1E}.Release|Any CPU.ActiveCfg = Release|Any CPU
		{BA6E610A-3015-4536-99CD-D73892E9BD1E}.Release|Any CPU.Build.0 = Release|Any CPU
		{BA6E610A-3015-4536-99CD-D73892E9BD1E}.Release|x64.ActiveCfg = Release|Any CPU
		{BA6E610A-3015-4536-99CD-D73892E9BD1E}.Release|x64.Build.0 = Release|Any CPU
		{BA6E610A-3015-4536-99CD-D73892E9BD1E}.Release|x86.ActiveCfg = Release|Any CPU
		{BA6E610A-3015-4536-99CD-D73892E9BD1E}.Release|x86.Build.0 = Release|Any CPU
		{7D2EE6ED-78C1-4738-9AE1-E3C165A81E3D}.Debug|Any CPU.ActiveCfg = Debug|Any CPU
		{7D2EE6ED-78C1-4738-9AE1-E3C165A81E3D}.Debug|Any CPU.Build.0 = Debug|Any CPU
		{7D2EE6ED-78C1-4738-9AE1-E3C165A81E3D}.Debug|x64.ActiveCfg = Debug|Any CPU
		{7D2EE6ED-78C1-4738-9AE1-E3C165A81E3D}.Debug|x64.Build.0 = Debug|Any CPU
		{7D2EE6ED-78C1-4738-9AE1-E3C165A81E3D}.Debug|x86.ActiveCfg = Debug|x86
		{7D2EE6ED-78C1-4738-9AE1-E3C165A81E3D}.Debug|x86.Build.0 = Debug|x86
		{7D2EE6ED-78C1-4738-9AE1-E3C165A81E3D}.Release|Any CPU.ActiveCfg = Release|Any CPU
		{7D2EE6ED-78C1-4738-9AE1-E3C165A81E3D}.Release|Any CPU.Build.0 = Release|Any CPU
		{7D2EE6ED-78C1-4738-9AE1-E3C165A81E3D}.Release|x64.ActiveCfg = Release|Any CPU
		{7D2EE6ED-78C1-4738-9AE1-E3C165A81E3D}.Release|x64.Build.0 = Release|Any CPU
		{7D2EE6ED-78C1-4738-9AE1-E3C165A81E3D}.Release|x86.ActiveCfg = Release|Any CPU
		{7D2EE6ED-78C1-4738-9AE1-E3C165A81E3D}.Release|x86.Build.0 = Release|Any CPU
		{44911ACC-87B8-4FED-865C-1950F703C3D1}.Debug|Any CPU.ActiveCfg = Debug|Any CPU
		{44911ACC-87B8-4FED-865C-1950F703C3D1}.Debug|Any CPU.Build.0 = Debug|Any CPU
		{44911ACC-87B8-4FED-865C-1950F703C3D1}.Debug|x64.ActiveCfg = Debug|Any CPU
		{44911ACC-87B8-4FED-865C-1950F703C3D1}.Debug|x64.Build.0 = Debug|Any CPU
		{44911ACC-87B8-4FED-865C-1950F703C3D1}.Debug|x86.ActiveCfg = Debug|x86
		{44911ACC-87B8-4FED-865C-1950F703C3D1}.Debug|x86.Build.0 = Debug|x86
		{44911ACC-87B8-4FED-865C-1950F703C3D1}.Release|Any CPU.ActiveCfg = Release|Any CPU
		{44911ACC-87B8-4FED-865C-1950F703C3D1}.Release|Any CPU.Build.0 = Release|Any CPU
		{44911ACC-87B8-4FED-865C-1950F703C3D1}.Release|x64.ActiveCfg = Release|Any CPU
		{44911ACC-87B8-4FED-865C-1950F703C3D1}.Release|x64.Build.0 = Release|Any CPU
		{44911ACC-87B8-4FED-865C-1950F703C3D1}.Release|x86.ActiveCfg = Release|Any CPU
		{44911ACC-87B8-4FED-865C-1950F703C3D1}.Release|x86.Build.0 = Release|Any CPU
	EndGlobalSection
	GlobalSection(SolutionProperties) = preSolution
		HideSolutionNode = FALSE
	EndGlobalSection
	GlobalSection(NestedProjects) = preSolution
		{2F74C2ED-C4D2-8592-FA00-EF8DD0A31FC7} = {BC0A1362-188C-CE9D-56C9-7DB4B22D5E34}
		{10125FBF-B1E3-5508-0453-8B8438ECBFC8} = {BC0A1362-188C-CE9D-56C9-7DB4B22D5E34}
		{D62B361B-9A07-9E9B-CDCD-03B1A3706AD8} = {BC0A1362-188C-CE9D-56C9-7DB4B22D5E34}
		{B481F596-DE6E-A611-CA7E-608C3046060D} = {BC0A1362-188C-CE9D-56C9-7DB4B22D5E34}
		{521B4DE7-DE7A-7B64-F649-23517AB5EB08} = {BC0A1362-188C-CE9D-56C9-7DB4B22D5E34}
		{0F0D1990-397C-399D-0664-FC5EB1CCA61E} = {E1892030-79A1-302F-2131-4E7F86D8A2D3}
		{0E0A4A2C-1BAE-4659-9511-5C089FA4E154} = {2F74C2ED-C4D2-8592-FA00-EF8DD0A31FC7}
		{7BEDA101-8294-40CF-838C-40523DBBCDA7} = {10125FBF-B1E3-5508-0453-8B8438ECBFC8}
		{62E5BE50-2A34-43D0-9ABA-EE3F751C1627} = {D62B361B-9A07-9E9B-CDCD-03B1A3706AD8}
		{DA114369-0A54-42A9-A3B0-F48FC5EA4F7D} = {B481F596-DE6E-A611-CA7E-608C3046060D}
		{4B6B73DA-1606-42F2-8774-72428062783A} = {521B4DE7-DE7A-7B64-F649-23517AB5EB08}
		{3BB56372-08F9-4BB4-A8DC-517F66B4BF1D} = {E1892030-79A1-302F-2131-4E7F86D8A2D3}
		{05362C54-8D40-46C8-9401-7C40A6647DE6} = {0F0D1990-397C-399D-0664-FC5EB1CCA61E}
		{55A67A5D-43E8-4290-B52F-230233B1439D} = {E1892030-79A1-302F-2131-4E7F86D8A2D3}
		{BA6E610A-3015-4536-99CD-D73892E9BD1E} = {6DDF0308-AD41-8A62-E1C1-A25BD1B34DA2}
	EndGlobalSection
	GlobalSection(ExtensibilityGlobals) = postSolution
		SolutionGuid = {1E301F8C-95AD-404E-9C57-1DA4689FD586}
	EndGlobalSection
EndGlobal
